
Microsoft Visual Studio Solution File, Format Version 12.00
# Visual Studio Version 17
VisualStudioVersion = 17.14.36401.2
MinimumVisualStudioVersion = 10.0.40219.1
Project("{FAE04EC0-301F-11D3-BF4B-00C04F79EFBC}") = "Agendai.API", "Agendai.API\Agendai.API.csproj", "{27970F7F-A30E-4F12-9FEE-1BB1A81D7D8E}"
EndProject
Project("{FAE04EC0-301F-11D3-BF4B-00C04F79EFBC}") = "Agendai.Application", "Agendai.Application\Agendai.Application.csproj", "{4D32B275-8845-4B8C-B4F1-BB7D306F3009}"
EndProject
Project("{FAE04EC0-301F-11D3-BF4B-00C04F79EFBC}") = "Agendai.Domain", "Agendai.Domain\Agendai.Domain.csproj", "{B514A08F-2097-46FD-9C24-8E8A19A059E3}"
EndProject
Project("{2150E333-8FDC-42A3-9474-1A3956D46DE8}") = "Tests", "Tests", "{02EA681E-C7D8-13C7-8484-4AC65E1B71E8}"
EndProject
Project("{FAE04EC0-301F-11D3-BF4B-00C04F79EFBC}") = "Agenda.UnitTests", "UnitTests\Agenda.UnitTests.csproj", "{922D9215-B4A4-45DA-8CE8-7A2C079675CF}"
EndProject
Project("{FAE04EC0-301F-11D3-BF4B-00C04F79EFBC}") = "Agendai.IntegrationTests", "IntegrationTests\Agendai.IntegrationTests.csproj", "{DFF892B4-A0AC-4809-BB3A-6959B2BA6F48}"
EndProject
Project("{FAE04EC0-301F-11D3-BF4B-00C04F79EFBC}") = "Agendai.Infra.Ioc", "Agendai.Infra.Ioc\Agendai.Infra.Ioc.csproj", "{E81BE847-490E-4FA6-9BD5-F6008131C04D}"
EndProject
Project("{FAE04EC0-301F-11D3-BF4B-00C04F79EFBC}") = "Agendai.Infra.Data", "Agendai.Infra.Data\Agendai.Infra.Data.csproj", "{5353B1A4-34B1-01D5-C3DB-46BF2F8C45CD}"
EndProject
Global
	GlobalSection(SolutionConfigurationPlatforms) = preSolution
		Debug|Any CPU = Debug|Any CPU
		Release|Any CPU = Release|Any CPU
	EndGlobalSection
	GlobalSection(ProjectConfigurationPlatforms) = postSolution
		{27970F7F-A30E-4F12-9FEE-1BB1A81D7D8E}.Debug|Any CPU.ActiveCfg = Debug|Any CPU
		{27970F7F-A30E-4F12-9FEE-1BB1A81D7D8E}.Debug|Any CPU.Build.0 = Debug|Any CPU
		{27970F7F-A30E-4F12-9FEE-1BB1A81D7D8E}.Release|Any CPU.ActiveCfg = Release|Any CPU
		{27970F7F-A30E-4F12-9FEE-1BB1A81D7D8E}.Release|Any CPU.Build.0 = Release|Any CPU
		{4D32B275-8845-4B8C-B4F1-BB7D306F3009}.Debug|Any CPU.ActiveCfg = Debug|Any CPU
		{4D32B275-8845-4B8C-B4F1-BB7D306F3009}.Debug|Any CPU.Build.0 = Debug|Any CPU
		{4D32B275-8845-4B8C-B4F1-BB7D306F3009}.Release|Any CPU.ActiveCfg = Release|Any CPU
		{4D32B275-8845-4B8C-B4F1-BB7D306F3009}.Release|Any CPU.Build.0 = Release|Any CPU
		{B514A08F-2097-46FD-9C24-8E8A19A059E3}.Debug|Any CPU.ActiveCfg = Debug|Any CPU
		{B514A08F-2097-46FD-9C24-8E8A19A059E3}.Debug|Any CPU.Build.0 = Debug|Any CPU
		{B514A08F-2097-46FD-9C24-8E8A19A059E3}.Release|Any CPU.ActiveCfg = Release|Any CPU
		{B514A08F-2097-46FD-9C24-8E8A19A059E3}.Release|Any CPU.Build.0 = Release|Any CPU
		{922D9215-B4A4-45DA-8CE8-7A2C079675CF}.Debug|Any CPU.ActiveCfg = Debug|Any CPU
		{922D9215-B4A4-45DA-8CE8-7A2C079675CF}.Debug|Any CPU.Build.0 = Debug|Any CPU
		{922D9215-B4A4-45DA-8CE8-7A2C079675CF}.Release|Any CPU.ActiveCfg = Release|Any CPU
		{922D9215-B4A4-45DA-8CE8-7A2C079675CF}.Release|Any CPU.Build.0 = Release|Any CPU
		{DFF892B4-A0AC-4809-BB3A-6959B2BA6F48}.Debug|Any CPU.ActiveCfg = Debug|Any CPU
		{DFF892B4-A0AC-4809-BB3A-6959B2BA6F48}.Debug|Any CPU.Build.0 = Debug|Any CPU
		{DFF892B4-A0AC-4809-BB3A-6959B2BA6F48}.Release|Any CPU.ActiveCfg = Release|Any CPU
		{DFF892B4-A0AC-4809-BB3A-6959B2BA6F48}.Release|Any CPU.Build.0 = Release|Any CPU
		{E81BE847-490E-4FA6-9BD5-F6008131C04D}.Debug|Any CPU.ActiveCfg = Debug|Any CPU
		{E81BE847-490E-4FA6-9BD5-F6008131C04D}.Debug|Any CPU.Build.0 = Debug|Any CPU
		{E81BE847-490E-4FA6-9BD5-F6008131C04D}.Release|Any CPU.ActiveCfg = Release|Any CPU
		{E81BE847-490E-4FA6-9BD5-F6008131C04D}.Release|Any CPU.Build.0 = Release|Any CPU
		{5353B1A4-34B1-01D5-C3DB-46BF2F8C45CD}.Debug|Any CPU.ActiveCfg = Debug|Any CPU
		{5353B1A4-34B1-01D5-C3DB-46BF2F8C45CD}.Debug|Any CPU.Build.0 = Debug|Any CPU
		{5353B1A4-34B1-01D5-C3DB-46BF2F8C45CD}.Release|Any CPU.ActiveCfg = Release|Any CPU
		{5353B1A4-34B1-01D5-C3DB-46BF2F8C45CD}.Release|Any CPU.Build.0 = Release|Any CPU
	EndGlobalSection
	GlobalSection(SolutionProperties) = preSolution
		HideSolutionNode = FALSE
	EndGlobalSection
	GlobalSection(NestedProjects) = preSolution
		{922D9215-B4A4-45DA-8CE8-7A2C079675CF} = {02EA681E-C7D8-13C7-8484-4AC65E1B71E8}
		{DFF892B4-A0AC-4809-BB3A-6959B2BA6F48} = {02EA681E-C7D8-13C7-8484-4AC65E1B71E8}
	EndGlobalSection
	GlobalSection(ExtensibilityGlobals) = postSolution
		SolutionGuid = {8EF27DF6-A2BB-457D-921F-A65EA1630EAA}
	EndGlobalSection
EndGlobal
